
Microsoft Visual Studio Solution File, Format Version 11.00
# Visual Studio 2010
Project("{FAE04EC0-301F-11D3-BF4B-00C04F79EFBC}") = "Unity.TextMeshPro", "Unity.TextMeshPro.csproj", "{7F4AC828-7704-F12E-F7D6-6D86D8847CE8}"
EndProject
Project("{FAE04EC0-301F-11D3-BF4B-00C04F79EFBC}") = "Unity.TextMeshPro.Tests", "Unity.TextMeshPro.Tests.csproj", "{02C8A1AA-7976-4F21-6DCD-A88F0E07B8E0}"
EndProject
Project("{FAE04EC0-301F-11D3-BF4B-00C04F79EFBC}") = "Assembly-CSharp", "Assembly-CSharp.csproj", "{BC05C884-B81F-C009-494B-A8C9E490A21A}"
EndProject
Project("{FAE04EC0-301F-11D3-BF4B-00C04F79EFBC}") = "Unity.TextMeshPro.Editor", "Unity.TextMeshPro.Editor.csproj", "{C2E4E6C8-85B4-8C3E-801C-4D800A36352D}"
EndProject
Project("{FAE04EC0-301F-11D3-BF4B-00C04F79EFBC}") = "Unity.TextMeshPro.Editor.Tests", "Unity.TextMeshPro.Editor.Tests.csproj", "{BD34FC87-28F8-F817-BDE4-C037EB3C09BB}"
EndProject
Project("{FAE04EC0-301F-11D3-BF4B-00C04F79EFBC}") = "Assembly-CSharp-Editor", "Assembly-CSharp-Editor.csproj", "{745F694C-3833-E9D8-E7B5-386F69C5E54D}"
EndProject
Global
	GlobalSection(SolutionConfigurationPlatforms) = preSolution
		Debug|Any CPU = Debug|Any CPU
		Release|Any CPU = Release|Any CPU
	EndGlobalSection
	GlobalSection(ProjectConfigurationPlatforms) = postSolution
		{7F4AC828-7704-F12E-F7D6-6D86D8847CE8}.Debug|Any CPU.ActiveCfg = Debug|Any CPU
		{7F4AC828-7704-F12E-F7D6-6D86D8847CE8}.Debug|Any CPU.Build.0 = Debug|Any CPU
		{7F4AC828-7704-F12E-F7D6-6D86D8847CE8}.Release|Any CPU.ActiveCfg = Release|Any CPU
		{7F4AC828-7704-F12E-F7D6-6D86D8847CE8}.Release|Any CPU.Build.0 = Release|Any CPU
		{02C8A1AA-7976-4F21-6DCD-A88F0E07B8E0}.Debug|Any CPU.ActiveCfg = Debug|Any CPU
		{02C8A1AA-7976-4F21-6DCD-A88F0E07B8E0}.Debug|Any CPU.Build.0 = Debug|Any CPU
		{02C8A1AA-7976-4F21-6DCD-A88F0E07B8E0}.Release|Any CPU.ActiveCfg = Release|Any CPU
		{02C8A1AA-7976-4F21-6DCD-A88F0E07B8E0}.Release|Any CPU.Build.0 = Release|Any CPU
		{BC05C884-B81F-C009-494B-A8C9E490A21A}.Debug|Any CPU.ActiveCfg = Debug|Any CPU
		{BC05C884-B81F-C009-494B-A8C9E490A21A}.Debug|Any CPU.Build.0 = Debug|Any CPU
		{BC05C884-B81F-C009-494B-A8C9E490A21A}.Release|Any CPU.ActiveCfg = Release|Any CPU
		{BC05C884-B81F-C009-494B-A8C9E490A21A}.Release|Any CPU.Build.0 = Release|Any CPU
		{C2E4E6C8-85B4-8C3E-801C-4D800A36352D}.Debug|Any CPU.ActiveCfg = Debug|Any CPU
		{C2E4E6C8-85B4-8C3E-801C-4D800A36352D}.Debug|Any CPU.Build.0 = Debug|Any CPU
		{C2E4E6C8-85B4-8C3E-801C-4D800A36352D}.Release|Any CPU.ActiveCfg = Release|Any CPU
		{C2E4E6C8-85B4-8C3E-801C-4D800A36352D}.Release|Any CPU.Build.0 = Release|Any CPU
		{BD34FC87-28F8-F817-BDE4-C037EB3C09BB}.Debug|Any CPU.ActiveCfg = Debug|Any CPU
		{BD34FC87-28F8-F817-BDE4-C037EB3C09BB}.Debug|Any CPU.Build.0 = Debug|Any CPU
		{BD34FC87-28F8-F817-BDE4-C037EB3C09BB}.Release|Any CPU.ActiveCfg = Release|Any CPU
		{BD34FC87-28F8-F817-BDE4-C037EB3C09BB}.Release|Any CPU.Build.0 = Release|Any CPU
		{745F694C-3833-E9D8-E7B5-386F69C5E54D}.Debug|Any CPU.ActiveCfg = Debug|Any CPU
		{745F694C-3833-E9D8-E7B5-386F69C5E54D}.Debug|Any CPU.Build.0 = Debug|Any CPU
		{745F694C-3833-E9D8-E7B5-386F69C5E54D}.Release|Any CPU.ActiveCfg = Release|Any CPU
		{745F694C-3833-E9D8-E7B5-386F69C5E54D}.Release|Any CPU.Build.0 = Release|Any CPU
	EndGlobalSection
	GlobalSection(SolutionProperties) = preSolution
		HideSolutionNode = FALSE
	EndGlobalSection
EndGlobal
